// !$*UTF8*$!
{
	archiveVersion = 1;
	classes = {
	};
	objectVersion = 46;
	objects = {

/* Begin PBXBuildFile section */
		42097CFC1BBC3A4C00F22AE2 /* AppDelegate.swift in Sources */ = {isa = PBXBuildFile; fileRef = 42097CFB1BBC3A4C00F22AE2 /* AppDelegate.swift */; };
		42097CFE1BBC3A4C00F22AE2 /* ViewController.swift in Sources */ = {isa = PBXBuildFile; fileRef = 42097CFD1BBC3A4C00F22AE2 /* ViewController.swift */; };
		42097D011BBC3A4C00F22AE2 /* Main.storyboard in Resources */ = {isa = PBXBuildFile; fileRef = 42097CFF1BBC3A4C00F22AE2 /* Main.storyboard */; };
		42097D031BBC3A4C00F22AE2 /* Assets.xcassets in Resources */ = {isa = PBXBuildFile; fileRef = 42097D021BBC3A4C00F22AE2 /* Assets.xcassets */; };
		42097D061BBC3A4C00F22AE2 /* LaunchScreen.storyboard in Resources */ = {isa = PBXBuildFile; fileRef = 42097D041BBC3A4C00F22AE2 /* LaunchScreen.storyboard */; };
		42097D111BBC3A4C00F22AE2 /* UIBarButtonWithNumberTests.swift in Sources */ = {isa = PBXBuildFile; fileRef = 42097D101BBC3A4C00F22AE2 /* UIBarButtonWithNumberTests.swift */; };
		42097D1C1BBC3AF800F22AE2 /* BarButtonNumber.swift in Sources */ = {isa = PBXBuildFile; fileRef = 42097D1B1BBC3AF800F22AE2 /* BarButtonNumber.swift */; settings = {ASSET_TAGS = (); }; };
/* End PBXBuildFile section */

/* Begin PBXContainerItemProxy section */
		42097D0D1BBC3A4C00F22AE2 /* PBXContainerItemProxy */ = {
			isa = PBXContainerItemProxy;
			containerPortal = 42097CF01BBC3A4C00F22AE2 /* Project object */;
			proxyType = 1;
			remoteGlobalIDString = 42097CF71BBC3A4C00F22AE2;
			remoteInfo = UIBarButtonWithNumber;
		};
/* End PBXContainerItemProxy section */

/* Begin PBXFileReference section */
		42097CF81BBC3A4C00F22AE2 /* UIBarButtonWithNumber.app */ = {isa = PBXFileReference; explicitFileType = wrapper.application; includeInIndex = 0; path = UIBarButtonWithNumber.app; sourceTree = BUILT_PRODUCTS_DIR; };
		42097CFB1BBC3A4C00F22AE2 /* AppDelegate.swift */ = {isa = PBXFileReference; lastKnownFileType = sourcecode.swift; path = AppDelegate.swift; sourceTree = "<group>"; };
		42097CFD1BBC3A4C00F22AE2 /* ViewController.swift */ = {isa = PBXFileReference; lastKnownFileType = sourcecode.swift; path = ViewController.swift; sourceTree = "<group>"; };
		42097D001BBC3A4C00F22AE2 /* Base */ = {isa = PBXFileReference; lastKnownFileType = file.storyboard; name = Base; path = Base.lproj/Main.storyboard; sourceTree = "<group>"; };
		42097D021BBC3A4C00F22AE2 /* Assets.xcassets */ = {isa = PBXFileReference; lastKnownFileType = folder.assetcatalog; path = Assets.xcassets; sourceTree = "<group>"; };
		42097D051BBC3A4C00F22AE2 /* Base */ = {isa = PBXFileReference; lastKnownFileType = file.storyboard; name = Base; path = Base.lproj/LaunchScreen.storyboard; sourceTree = "<group>"; };
		42097D071BBC3A4C00F22AE2 /* Info.plist */ = {isa = PBXFileReference; lastKnownFileType = text.plist.xml; path = Info.plist; sourceTree = "<group>"; };
		42097D0C1BBC3A4C00F22AE2 /* UIBarButtonWithNumberTests.xctest */ = {isa = PBXFileReference; explicitFileType = wrapper.cfbundle; includeInIndex = 0; path = UIBarButtonWithNumberTests.xctest; sourceTree = BUILT_PRODUCTS_DIR; };
		42097D101BBC3A4C00F22AE2 /* UIBarButtonWithNumberTests.swift */ = {isa = PBXFileReference; lastKnownFileType = sourcecode.swift; path = UIBarButtonWithNumberTests.swift; sourceTree = "<group>"; };
		42097D121BBC3A4C00F22AE2 /* Info.plist */ = {isa = PBXFileReference; lastKnownFileType = text.plist.xml; path = Info.plist; sourceTree = "<group>"; };
		42097D1B1BBC3AF800F22AE2 /* BarButtonNumber.swift */ = {isa = PBXFileReference; fileEncoding = 4; lastKnownFileType = sourcecode.swift; path = BarButtonNumber.swift; sourceTree = "<group>"; };
/* End PBXFileReference section */

/* Begin PBXFrameworksBuildPhase section */
		42097CF51BBC3A4C00F22AE2 /* Frameworks */ = {
			isa = PBXFrameworksBuildPhase;
			buildActionMask = 2147483647;
			files = (
			);
			runOnlyForDeploymentPostprocessing = 0;
		};
		42097D091BBC3A4C00F22AE2 /* Frameworks */ = {
			isa = PBXFrameworksBuildPhase;
			buildActionMask = 2147483647;
			files = (
			);
			runOnlyForDeploymentPostprocessing = 0;
		};
/* End PBXFrameworksBuildPhase section */

/* Begin PBXGroup section */
		42097CEF1BBC3A4C00F22AE2 = {
			isa = PBXGroup;
			children = (
				42097CFA1BBC3A4C00F22AE2 /* UIBarButtonWithNumber */,
				42097D0F1BBC3A4C00F22AE2 /* UIBarButtonWithNumberTests */,
				42097CF91BBC3A4C00F22AE2 /* Products */,
			);
			sourceTree = "<group>";
		};
		42097CF91BBC3A4C00F22AE2 /* Products */ = {
			isa = PBXGroup;
			children = (
				42097CF81BBC3A4C00F22AE2 /* UIBarButtonWithNumber.app */,
				42097D0C1BBC3A4C00F22AE2 /* UIBarButtonWithNumberTests.xctest */,
			);
			name = Products;
			sourceTree = "<group>";
		};
		42097CFA1BBC3A4C00F22AE2 /* UIBarButtonWithNumber */ = {
			isa = PBXGroup;
			children = (
				42097CFB1BBC3A4C00F22AE2 /* AppDelegate.swift */,
				42097CFD1BBC3A4C00F22AE2 /* ViewController.swift */,
				42097D1B1BBC3AF800F22AE2 /* BarButtonNumber.swift */,
				42097CFF1BBC3A4C00F22AE2 /* Main.storyboard */,
				42097D021BBC3A4C00F22AE2 /* Assets.xcassets */,
				42097D041BBC3A4C00F22AE2 /* LaunchScreen.storyboard */,
				42097D071BBC3A4C00F22AE2 /* Info.plist */,
			);
			path = UIBarButtonWithNumber;
			sourceTree = "<group>";
		};
		42097D0F1BBC3A4C00F22AE2 /* UIBarButtonWithNumberTests */ = {
			isa = PBXGroup;
			children = (
				42097D101BBC3A4C00F22AE2 /* UIBarButtonWithNumberTests.swift */,
				42097D121BBC3A4C00F22AE2 /* Info.plist */,
			);
			path = UIBarButtonWithNumberTests;
			sourceTree = "<group>";
		};
/* End PBXGroup section */

/* Begin PBXNativeTarget section */
		42097CF71BBC3A4C00F22AE2 /* UIBarButtonWithNumber */ = {
			isa = PBXNativeTarget;
			buildConfigurationList = 42097D151BBC3A4C00F22AE2 /* Build configuration list for PBXNativeTarget "UIBarButtonWithNumber" */;
			buildPhases = (
				42097CF41BBC3A4C00F22AE2 /* Sources */,
				42097CF51BBC3A4C00F22AE2 /* Frameworks */,
				42097CF61BBC3A4C00F22AE2 /* Resources */,
			);
			buildRules = (
			);
			dependencies = (
			);
			name = UIBarButtonWithNumber;
			productName = UIBarButtonWithNumber;
			productReference = 42097CF81BBC3A4C00F22AE2 /* UIBarButtonWithNumber.app */;
			productType = "com.apple.product-type.application";
		};
		42097D0B1BBC3A4C00F22AE2 /* UIBarButtonWithNumberTests */ = {
			isa = PBXNativeTarget;
			buildConfigurationList = 42097D181BBC3A4C00F22AE2 /* Build configuration list for PBXNativeTarget "UIBarButtonWithNumberTests" */;
			buildPhases = (
				42097D081BBC3A4C00F22AE2 /* Sources */,
				42097D091BBC3A4C00F22AE2 /* Frameworks */,
				42097D0A1BBC3A4C00F22AE2 /* Resources */,
			);
			buildRules = (
			);
			dependencies = (
				42097D0E1BBC3A4C00F22AE2 /* PBXTargetDependency */,
			);
			name = UIBarButtonWithNumberTests;
			productName = UIBarButtonWithNumberTests;
			productReference = 42097D0C1BBC3A4C00F22AE2 /* UIBarButtonWithNumberTests.xctest */;
			productType = "com.apple.product-type.bundle.unit-test";
		};
/* End PBXNativeTarget section */

/* Begin PBXProject section */
		42097CF01BBC3A4C00F22AE2 /* Project object */ = {
			isa = PBXProject;
			attributes = {
				LastUpgradeCheck = 0700;
				ORGANIZATIONNAME = "Ky Nguyen";
				TargetAttributes = {
					42097CF71BBC3A4C00F22AE2 = {
						CreatedOnToolsVersion = 7.0;
						DevelopmentTeam = YM62LBZ4XN;
					};
					42097D0B1BBC3A4C00F22AE2 = {
						CreatedOnToolsVersion = 7.0;
						DevelopmentTeam = YM62LBZ4XN;
						TestTargetID = 42097CF71BBC3A4C00F22AE2;
					};
				};
			};
			buildConfigurationList = 42097CF31BBC3A4C00F22AE2 /* Build configuration list for PBXProject "UIBarButtonWithNumber" */;
			compatibilityVersion = "Xcode 3.2";
			developmentRegion = English;
			hasScannedForEncodings = 0;
			knownRegions = (
				en,
				Base,
			);
			mainGroup = 42097CEF1BBC3A4C00F22AE2;
			productRefGroup = 42097CF91BBC3A4C00F22AE2 /* Products */;
			projectDirPath = "";
			projectRoot = "";
			targets = (
				42097CF71BBC3A4C00F22AE2 /* UIBarButtonWithNumber */,
				42097D0B1BBC3A4C00F22AE2 /* UIBarButtonWithNumberTests */,
			);
		};
/* End PBXProject section */

/* Begin PBXResourcesBuildPhase section */
		42097CF61BBC3A4C00F22AE2 /* Resources */ = {
			isa = PBXResourcesBuildPhase;
			buildActionMask = 2147483647;
			files = (
				42097D061BBC3A4C00F22AE2 /* LaunchScreen.storyboard in Resources */,
				42097D031BBC3A4C00F22AE2 /* Assets.xcassets in Resources */,
				42097D011BBC3A4C00F22AE2 /* Main.storyboard in Resources */,
			);
			runOnlyForDeploymentPostprocessing = 0;
		};
		42097D0A1BBC3A4C00F22AE2 /* Resources */ = {
			isa = PBXResourcesBuildPhase;
			buildActionMask = 2147483647;
			files = (
			);
			runOnlyForDeploymentPostprocessing = 0;
		};
/* End PBXResourcesBuildPhase section */

/* Begin PBXSourcesBuildPhase section */
		42097CF41BBC3A4C00F22AE2 /* Sources */ = {
			isa = PBXSourcesBuildPhase;
			buildActionMask = 2147483647;
			files = (
				42097CFE1BBC3A4C00F22AE2 /* ViewController.swift in Sources */,
				42097D1C1BBC3AF800F22AE2 /* BarButtonNumber.swift in Sources */,
				42097CFC1BBC3A4C00F22AE2 /* AppDelegate.swift in Sources */,
			);
			runOnlyForDeploymentPostprocessing = 0;
		};
		42097D081BBC3A4C00F22AE2 /* Sources */ = {
			isa = PBXSourcesBuildPhase;
			buildActionMask = 2147483647;
			files = (
				42097D111BBC3A4C00F22AE2 /* UIBarButtonWithNumberTests.swift in Sources */,
			);
			runOnlyForDeploymentPostprocessing = 0;
		};
/* End PBXSourcesBuildPhase section */

/* Begin PBXTargetDependency section */
		42097D0E1BBC3A4C00F22AE2 /* PBXTargetDependency */ = {
			isa = PBXTargetDependency;
			target = 42097CF71BBC3A4C00F22AE2 /* UIBarButtonWithNumber */;
			targetProxy = 42097D0D1BBC3A4C00F22AE2 /* PBXContainerItemProxy */;
		};
/* End PBXTargetDependency section */

/* Begin PBXVariantGroup section */
		42097CFF1BBC3A4C00F22AE2 /* Main.storyboard */ = {
			isa = PBXVariantGroup;
			children = (
				42097D001BBC3A4C00F22AE2 /* Base */,
			);
			name = Main.storyboard;
			sourceTree = "<group>";
		};
		42097D041BBC3A4C00F22AE2 /* LaunchScreen.storyboard */ = {
			isa = PBXVariantGroup;
			children = (
				42097D051BBC3A4C00F22AE2 /* Base */,
			);
			name = LaunchScreen.storyboard;
			sourceTree = "<group>";
		};
/* End PBXVariantGroup section */

/* Begin XCBuildConfiguration section */
		42097D131BBC3A4C00F22AE2 /* Debug */ = {
			isa = XCBuildConfiguration;
			buildSettings = {
				ALWAYS_SEARCH_USER_PATHS = NO;
				CLANG_CXX_LANGUAGE_STANDARD = "gnu++0x";
				CLANG_CXX_LIBRARY = "libc++";
				CLANG_ENABLE_MODULES = YES;
				CLANG_ENABLE_OBJC_ARC = YES;
				CLANG_WARN_BOOL_CONVERSION = YES;
				CLANG_WARN_CONSTANT_CONVERSION = YES;
				CLANG_WARN_DIRECT_OBJC_ISA_USAGE = YES_ERROR;
				CLANG_WARN_EMPTY_BODY = YES;
				CLANG_WARN_ENUM_CONVERSION = YES;
				CLANG_WARN_INT_CONVERSION = YES;
				CLANG_WARN_OBJC_ROOT_CLASS = YES_ERROR;
				CLANG_WARN_UNREACHABLE_CODE = YES;
				CLANG_WARN__DUPLICATE_METHOD_MATCH = YES;
				"CODE_SIGN_IDENTITY[sdk=iphoneos*]" = "iPhone Developer";
				COPY_PHASE_STRIP = NO;
				DEBUG_INFORMATION_FORMAT = dwarf;
				ENABLE_STRICT_OBJC_MSGSEND = YES;
				ENABLE_TESTABILITY = YES;
				GCC_C_LANGUAGE_STANDARD = gnu99;
				GCC_DYNAMIC_NO_PIC = NO;
				GCC_NO_COMMON_BLOCKS = YES;
				GCC_OPTIMIZATION_LEVEL = 0;
				GCC_PREPROCESSOR_DEFINITIONS = (
					"DEBUG=1",
					"$(inherited)",
				);
				GCC_WARN_64_TO_32_BIT_CONVERSION = YES;
				GCC_WARN_ABOUT_RETURN_TYPE = YES_ERROR;
				GCC_WARN_UNDECLARED_SELECTOR = YES;
				GCC_WARN_UNINITIALIZED_AUTOS = YES_AGGRESSIVE;
				GCC_WARN_UNUSED_FUNCTION = YES;
				GCC_WARN_UNUSED_VARIABLE = YES;
				IPHONEOS_DEPLOYMENT_TARGET = 9.0;
				MTL_ENABLE_DEBUG_INFO = YES;
				ONLY_ACTIVE_ARCH = YES;
				SDKROOT = iphoneos;
				SWIFT_OPTIMIZATION_LEVEL = "-Onone";
			};
			name = Debug;
		};
		42097D141BBC3A4C00F22AE2 /* Release */ = {
			isa = XCBuildConfiguration;
			buildSettings = {
				ALWAYS_SEARCH_USER_PATHS = NO;
				CLANG_CXX_LANGUAGE_STANDARD = "gnu++0x";
				CLANG_CXX_LIBRARY = "libc++";
				CLANG_ENABLE_MODULES = YES;
				CLANG_ENABLE_OBJC_ARC = YES;
				CLANG_WARN_BOOL_CONVERSION = YES;
				CLANG_WARN_CONSTANT_CONVERSION = YES;
				CLANG_WARN_DIRECT_OBJC_ISA_USAGE = YES_ERROR;
				CLANG_WARN_EMPTY_BODY = YES;
				CLANG_WARN_ENUM_CONVERSION = YES;
				CLANG_WARN_INT_CONVERSION = YES;
				CLANG_WARN_OBJC_ROOT_CLASS = YES_ERROR;
				CLANG_WARN_UNREACHABLE_CODE = YES;
				CLANG_WARN__DUPLICATE_METHOD_MATCH = YES;
				"CODE_SIGN_IDENTITY[sdk=iphoneos*]" = "iPhone Developer";
				COPY_PHASE_STRIP = NO;
				DEBUG_INFORMATION_FORMAT = "dwarf-with-dsym";
				ENABLE_NS_ASSERTIONS = NO;
				ENABLE_STRICT_OBJC_MSGSEND = YES;
				GCC_C_LANGUAGE_STANDARD = gnu99;
				GCC_NO_COMMON_BLOCKS = YES;
				GCC_WARN_64_TO_32_BIT_CONVERSION = YES;
				GCC_WARN_ABOUT_RETURN_TYPE = YES_ERROR;
				GCC_WARN_UNDECLARED_SELECTOR = YES;
				GCC_WARN_UNINITIALIZED_AUTOS = YES_AGGRESSIVE;
				GCC_WARN_UNUSED_FUNCTION = YES;
				GCC_WARN_UNUSED_VARIABLE = YES;
				IPHONEOS_DEPLOYMENT_TARGET = 9.0;
				MTL_ENABLE_DEBUG_INFO = NO;
				SDKROOT = iphoneos;
				VALIDATE_PRODUCT = YES;
			};
			name = Release;
		};
		42097D161BBC3A4C00F22AE2 /* Debug */ = {
			isa = XCBuildConfiguration;
			buildSettings = {
				ASSETCATALOG_COMPILER_APPICON_NAME = AppIcon;
				INFOPLIST_FILE = UIBarButtonWithNumber/Info.plist;
				LD_RUNPATH_SEARCH_PATHS = "$(inherited) @executable_path/Frameworks";
				PRODUCT_BUNDLE_IDENTIFIER = phuot.UIBarButtonWithNumber;
				PRODUCT_NAME = "$(TARGET_NAME)";
			};
			name = Debug;
		};
		42097D171BBC3A4C00F22AE2 /* Release */ = {
			isa = XCBuildConfiguration;
			buildSettings = {
				ASSETCATALOG_COMPILER_APPICON_NAME = AppIcon;
				INFOPLIST_FILE = UIBarButtonWithNumber/Info.plist;
				LD_RUNPATH_SEARCH_PATHS = "$(inherited) @executable_path/Frameworks";
				PRODUCT_BUNDLE_IDENTIFIER = phuot.UIBarButtonWithNumber;
				PRODUCT_NAME = "$(TARGET_NAME)";
			};
			name = Release;
		};
		42097D191BBC3A4C00F22AE2 /* Debug */ = {
			isa = XCBuildConfiguration;
			buildSettings = {
				BUNDLE_LOADER = "$(TEST_HOST)";
				INFOPLIST_FILE = UIBarButtonWithNumberTests/Info.plist;
				LD_RUNPATH_SEARCH_PATHS = "$(inherited) @executable_path/Frameworks @loader_path/Frameworks";
				PRODUCT_BUNDLE_IDENTIFIER = phuot.UIBarButtonWithNumberTests;
				PRODUCT_NAME = "$(TARGET_NAME)";
				TEST_HOST = "$(BUILT_PRODUCTS_DIR)/UIBarButtonWithNumber.app/UIBarButtonWithNumber";
			};
			name = Debug;
		};
		42097D1A1BBC3A4C00F22AE2 /* Release */ = {
			isa = XCBuildConfiguration;
			buildSettings = {
				BUNDLE_LOADER = "$(TEST_HOST)";
				INFOPLIST_FILE = UIBarButtonWithNumberTests/Info.plist;
				LD_RUNPATH_SEARCH_PATHS = "$(inherited) @executable_path/Frameworks @loader_path/Frameworks";
				PRODUCT_BUNDLE_IDENTIFIER = phuot.UIBarButtonWithNumberTests;
				PRODUCT_NAME = "$(TARGET_NAME)";
				TEST_HOST = "$(BUILT_PRODUCTS_DIR)/UIBarButtonWithNumber.app/UIBarButtonWithNumber";
			};
			name = Release;
		};
/* End XCBuildConfiguration section */

/* Begin XCConfigurationList section */
		42097CF31BBC3A4C00F22AE2 /* Build configuration list for PBXProject "UIBarButtonWithNumber" */ = {
			isa = XCConfigurationList;
			buildConfigurations = (
				42097D131BBC3A4C00F22AE2 /* Debug */,
				42097D141BBC3A4C00F22AE2 /* Release */,
			);
			defaultConfigurationIsVisible = 0;
			defaultConfigurationName = Release;
		};
		42097D151BBC3A4C00F22AE2 /* Build configuration list for PBXNativeTarget "UIBarButtonWithNumber" */ = {
			isa = XCConfigurationList;
			buildConfigurations = (
				42097D161BBC3A4C00F22AE2 /* Debug */,
				42097D171BBC3A4C00F22AE2 /* Release */,
			);
			defaultConfigurationIsVisible = 0;
		};
		42097D181BBC3A4C00F22AE2 /* Build configuration list for PBXNativeTarget "UIBarButtonWithNumberTests" */ = {
			isa = XCConfigurationList;
			buildConfigurations = (
				42097D191BBC3A4C00F22AE2 /* Debug */,
				42097D1A1BBC3A4C00F22AE2 /* Release */,
			);
			defaultConfigurationIsVisible = 0;
		};
/* End XCConfigurationList section */
	};
	rootObject = 42097CF01BBC3A4C00F22AE2 /* Project object */;
}
